
Microsoft Visual Studio Solution File, Format Version 12.00
Project("{FAE04EC0-301F-11D3-BF4B-00C04F79EFBC}") = "Otus_Reflection", "Otus_Reflection\Otus_Reflection.csproj", "{D2F9D269-6D50-4F16-AB27-E190A4E96C16}"
EndProject
Global
	GlobalSection(SolutionConfigurationPlatforms) = preSolution
		Debug|Any CPU = Debug|Any CPU
		Release|Any CPU = Release|Any CPU
	EndGlobalSection
	GlobalSection(ProjectConfigurationPlatforms) = postSolution
		{D2F9D269-6D50-4F16-AB27-E190A4E96C16}.Debug|Any CPU.ActiveCfg = Debug|Any CPU
		{D2F9D269-6D50-4F16-AB27-E190A4E96C16}.Debug|Any CPU.Build.0 = Debug|Any CPU
		{D2F9D269-6D50-4F16-AB27-E190A4E96C16}.Release|Any CPU.ActiveCfg = Release|Any CPU
		{D2F9D269-6D50-4F16-AB27-E190A4E96C16}.Release|Any CPU.Build.0 = Release|Any CPU
	EndGlobalSection
EndGlobal
